// !$*UTF8*$!
{
	archiveVersion = 1;
	classes = {
	};
	objectVersion = 51;
	objects = {

/* Begin PBXBuildFile section */
		34FD77B337B2F0D23EDD32F5 /* Pods_Transportflow.framework in Frameworks */ = {isa = PBXBuildFile; fileRef = FDA771E15588AAC4072BFC3F /* Pods_Transportflow.framework */; };
		3A2E15BC2517335E00603BC7 /* TransportflowProvider.swift in Sources */ = {isa = PBXBuildFile; fileRef = 3A2E15BB2517335E00603BC7 /* TransportflowProvider.swift */; };
		3A2E15BE2517337600603BC7 /* Networking.swift in Sources */ = {isa = PBXBuildFile; fileRef = 3A2E15BD2517337600603BC7 /* Networking.swift */; };
		3A3324B425174B180023C866 /* TransportflowStop.swift in Sources */ = {isa = PBXBuildFile; fileRef = 3A3324B325174B180023C866 /* TransportflowStop.swift */; };
		3A3324B625174B590023C866 /* TransportflowLocation.swift in Sources */ = {isa = PBXBuildFile; fileRef = 3A3324B525174B590023C866 /* TransportflowLocation.swift */; };
		3A3324BA251776900023C866 /* Stop.swift in Sources */ = {isa = PBXBuildFile; fileRef = 3A3324B9251776900023C866 /* Stop.swift */; };
		3A3324BC25177DEA0023C866 /* TransportflowMonitor.swift in Sources */ = {isa = PBXBuildFile; fileRef = 3A3324BB25177DEA0023C866 /* TransportflowMonitor.swift */; };
		3A3324BE25177E430023C866 /* TransportflowStopover.swift in Sources */ = {isa = PBXBuildFile; fileRef = 3A3324BD25177E430023C866 /* TransportflowStopover.swift */; };
		3A3324C025177F000023C866 /* TransportflowLine.swift in Sources */ = {isa = PBXBuildFile; fileRef = 3A3324BF25177F000023C866 /* TransportflowLine.swift */; };
		3A3324C225177F4D0023C866 /* TransportflowProduct.swift in Sources */ = {isa = PBXBuildFile; fileRef = 3A3324C125177F4D0023C866 /* TransportflowProduct.swift */; };
		3A3324C4251794F00023C866 /* ErrorList.swift in Sources */ = {isa = PBXBuildFile; fileRef = 3A3324C3251794F00023C866 /* ErrorList.swift */; };
		3A3324C6251795BE0023C866 /* DepartureTime.swift in Sources */ = {isa = PBXBuildFile; fileRef = 3A3324C5251795BE0023C866 /* DepartureTime.swift */; };
		3A6A9CB02516760400F95440 /* Monitor.swift in Sources */ = {isa = PBXBuildFile; fileRef = 3A6A9CAF2516760400F95440 /* Monitor.swift */; };
		3A6A9CB2251692EE00F95440 /* LocationObserver.swift in Sources */ = {isa = PBXBuildFile; fileRef = 3A6A9CB1251692EE00F95440 /* LocationObserver.swift */; };
		3A942416251A67B900CED115 /* TransportflowUpcomingStop.swift in Sources */ = {isa = PBXBuildFile; fileRef = 3A942415251A67B900CED115 /* TransportflowUpcomingStop.swift */; };
		3AB0D4872516175C00B860FA /* TransportflowApp.swift in Sources */ = {isa = PBXBuildFile; fileRef = 3AB0D4862516175C00B860FA /* TransportflowApp.swift */; };
		3AB0D4892516175C00B860FA /* ContentView.swift in Sources */ = {isa = PBXBuildFile; fileRef = 3AB0D4882516175C00B860FA /* ContentView.swift */; };
		3AB0D48B2516175F00B860FA /* Assets.xcassets in Resources */ = {isa = PBXBuildFile; fileRef = 3AB0D48A2516175F00B860FA /* Assets.xcassets */; };
		3AB0D48E2516175F00B860FA /* Preview Assets.xcassets in Resources */ = {isa = PBXBuildFile; fileRef = 3AB0D48D2516175F00B860FA /* Preview Assets.xcassets */; };
		3AB0D4992516175F00B860FA /* TransportflowTests.swift in Sources */ = {isa = PBXBuildFile; fileRef = 3AB0D4982516175F00B860FA /* TransportflowTests.swift */; };
		3AB0D4A42516175F00B860FA /* TransportflowUITests.swift in Sources */ = {isa = PBXBuildFile; fileRef = 3AB0D4A32516175F00B860FA /* TransportflowUITests.swift */; };
		3AB0D4A92516175F00B860FA /* Transportflow WatchKit App.app in Embed Watch Content */ = {isa = PBXBuildFile; fileRef = 3AB0D4A82516175F00B860FA /* Transportflow WatchKit App.app */; settings = {ATTRIBUTES = (RemoveHeadersOnCopy, ); }; };
		3AB0D4AE2516176100B860FA /* Assets.xcassets in Resources */ = {isa = PBXBuildFile; fileRef = 3AB0D4AD2516176100B860FA /* Assets.xcassets */; };
		3AB0D4B52516176100B860FA /* Transportflow WatchKit Extension.appex in Embed App Extensions */ = {isa = PBXBuildFile; fileRef = 3AB0D4B42516176100B860FA /* Transportflow WatchKit Extension.appex */; settings = {ATTRIBUTES = (RemoveHeadersOnCopy, ); }; };
		3AB0D4BA2516176100B860FA /* TransportflowApp.swift in Sources */ = {isa = PBXBuildFile; fileRef = 3AB0D4B92516176100B860FA /* TransportflowApp.swift */; };
		3AB0D4BC2516176100B860FA /* ContentView.swift in Sources */ = {isa = PBXBuildFile; fileRef = 3AB0D4BB2516176100B860FA /* ContentView.swift */; };
		3AB0D4BE2516176100B860FA /* NotificationController.swift in Sources */ = {isa = PBXBuildFile; fileRef = 3AB0D4BD2516176100B860FA /* NotificationController.swift */; };
		3AB0D4C02516176100B860FA /* NotificationView.swift in Sources */ = {isa = PBXBuildFile; fileRef = 3AB0D4BF2516176100B860FA /* NotificationView.swift */; };
		3AB0D4C22516176100B860FA /* ComplicationController.swift in Sources */ = {isa = PBXBuildFile; fileRef = 3AB0D4C12516176100B860FA /* ComplicationController.swift */; };
		3AB0D4C42516176200B860FA /* Assets.xcassets in Resources */ = {isa = PBXBuildFile; fileRef = 3AB0D4C32516176200B860FA /* Assets.xcassets */; };
		3AB0D4C72516176200B860FA /* Preview Assets.xcassets in Resources */ = {isa = PBXBuildFile; fileRef = 3AB0D4C62516176200B860FA /* Preview Assets.xcassets */; };
		3ABED0032519026C002FC108 /* Departure.swift in Sources */ = {isa = PBXBuildFile; fileRef = 3ABED0022519026C002FC108 /* Departure.swift */; };
		3ABED0052519027B002FC108 /* DepartureDetail.swift in Sources */ = {isa = PBXBuildFile; fileRef = 3ABED0042519027B002FC108 /* DepartureDetail.swift */; };
		8AD501CA02A55F0727FBCD8D /* Pods_Transportflow_WatchKit_App.framework in Frameworks */ = {isa = PBXBuildFile; fileRef = 80D9BA35F37D176D53D143A0 /* Pods_Transportflow_WatchKit_App.framework */; };
		91ECAE7B35E3C9427B2A6BB7 /* Pods_Transportflow_TransportflowUITests.framework in Frameworks */ = {isa = PBXBuildFile; fileRef = 06304C3317712CD64F56035A /* Pods_Transportflow_TransportflowUITests.framework */; };
		BDAA0A9F0C74FDAC7B39572D /* Pods_Transportflow_WatchKit_Extension.framework in Frameworks */ = {isa = PBXBuildFile; fileRef = 26452B4C312E62271D44AE4D /* Pods_Transportflow_WatchKit_Extension.framework */; };
		C64B97A158A6C211AC102DDB /* Pods_TransportflowTests.framework in Frameworks */ = {isa = PBXBuildFile; fileRef = 883CCC5AD19E38FA82CCCA16 /* Pods_TransportflowTests.framework */; };
/* End PBXBuildFile section */

/* Begin PBXContainerItemProxy section */
		3AB0D4952516175F00B860FA /* PBXContainerItemProxy */ = {
			isa = PBXContainerItemProxy;
			containerPortal = 3AB0D47B2516175C00B860FA /* Project object */;
			proxyType = 1;
			remoteGlobalIDString = 3AB0D4822516175C00B860FA;
			remoteInfo = Transportflow;
		};
		3AB0D4A02516175F00B860FA /* PBXContainerItemProxy */ = {
			isa = PBXContainerItemProxy;
			containerPortal = 3AB0D47B2516175C00B860FA /* Project object */;
			proxyType = 1;
			remoteGlobalIDString = 3AB0D4822516175C00B860FA;
			remoteInfo = Transportflow;
		};
		3AB0D4AA2516175F00B860FA /* PBXContainerItemProxy */ = {
			isa = PBXContainerItemProxy;
			containerPortal = 3AB0D47B2516175C00B860FA /* Project object */;
			proxyType = 1;
			remoteGlobalIDString = 3AB0D4A72516175F00B860FA;
			remoteInfo = "Transportflow WatchKit App";
		};
		3AB0D4B62516176100B860FA /* PBXContainerItemProxy */ = {
			isa = PBXContainerItemProxy;
			containerPortal = 3AB0D47B2516175C00B860FA /* Project object */;
			proxyType = 1;
			remoteGlobalIDString = 3AB0D4B32516176100B860FA;
			remoteInfo = "Transportflow WatchKit Extension";
		};
/* End PBXContainerItemProxy section */

/* Begin PBXCopyFilesBuildPhase section */
		3AB0D4CF2516176200B860FA /* Embed App Extensions */ = {
			isa = PBXCopyFilesBuildPhase;
			buildActionMask = 2147483647;
			dstPath = "";
			dstSubfolderSpec = 13;
			files = (
				3AB0D4B52516176100B860FA /* Transportflow WatchKit Extension.appex in Embed App Extensions */,
			);
			name = "Embed App Extensions";
			runOnlyForDeploymentPostprocessing = 0;
		};
		3AB0D4D32516176200B860FA /* Embed Watch Content */ = {
			isa = PBXCopyFilesBuildPhase;
			buildActionMask = 2147483647;
			dstPath = "$(CONTENTS_FOLDER_PATH)/Watch";
			dstSubfolderSpec = 16;
			files = (
				3AB0D4A92516175F00B860FA /* Transportflow WatchKit App.app in Embed Watch Content */,
			);
			name = "Embed Watch Content";
			runOnlyForDeploymentPostprocessing = 0;
		};
/* End PBXCopyFilesBuildPhase section */

/* Begin PBXFileReference section */
		01AE25FBDB430630ED257B6E /* Pods-Transportflow.release.xcconfig */ = {isa = PBXFileReference; includeInIndex = 1; lastKnownFileType = text.xcconfig; name = "Pods-Transportflow.release.xcconfig"; path = "Target Support Files/Pods-Transportflow/Pods-Transportflow.release.xcconfig"; sourceTree = "<group>"; };
		06304C3317712CD64F56035A /* Pods_Transportflow_TransportflowUITests.framework */ = {isa = PBXFileReference; explicitFileType = wrapper.framework; includeInIndex = 0; path = Pods_Transportflow_TransportflowUITests.framework; sourceTree = BUILT_PRODUCTS_DIR; };
		1C4D0B039A19809AC30FF57E /* Pods-Transportflow-TransportflowUITests.debug.xcconfig */ = {isa = PBXFileReference; includeInIndex = 1; lastKnownFileType = text.xcconfig; name = "Pods-Transportflow-TransportflowUITests.debug.xcconfig"; path = "Target Support Files/Pods-Transportflow-TransportflowUITests/Pods-Transportflow-TransportflowUITests.debug.xcconfig"; sourceTree = "<group>"; };
		1D2A423DC71ED732D607290F /* Pods-Transportflow WatchKit App.release.xcconfig */ = {isa = PBXFileReference; includeInIndex = 1; lastKnownFileType = text.xcconfig; name = "Pods-Transportflow WatchKit App.release.xcconfig"; path = "Target Support Files/Pods-Transportflow WatchKit App/Pods-Transportflow WatchKit App.release.xcconfig"; sourceTree = "<group>"; };
		26452B4C312E62271D44AE4D /* Pods_Transportflow_WatchKit_Extension.framework */ = {isa = PBXFileReference; explicitFileType = wrapper.framework; includeInIndex = 0; path = Pods_Transportflow_WatchKit_Extension.framework; sourceTree = BUILT_PRODUCTS_DIR; };
		2ECB3AFE6F276DEE4806FEBA /* Pods-TransportflowTests.debug.xcconfig */ = {isa = PBXFileReference; includeInIndex = 1; lastKnownFileType = text.xcconfig; name = "Pods-TransportflowTests.debug.xcconfig"; path = "Target Support Files/Pods-TransportflowTests/Pods-TransportflowTests.debug.xcconfig"; sourceTree = "<group>"; };
		2EF2B7D7DDB1A43702B440C9 /* Pods-Transportflow.debug.xcconfig */ = {isa = PBXFileReference; includeInIndex = 1; lastKnownFileType = text.xcconfig; name = "Pods-Transportflow.debug.xcconfig"; path = "Target Support Files/Pods-Transportflow/Pods-Transportflow.debug.xcconfig"; sourceTree = "<group>"; };
		3A2E15BB2517335E00603BC7 /* TransportflowProvider.swift */ = {isa = PBXFileReference; lastKnownFileType = sourcecode.swift; path = TransportflowProvider.swift; sourceTree = "<group>"; };
		3A2E15BD2517337600603BC7 /* Networking.swift */ = {isa = PBXFileReference; lastKnownFileType = sourcecode.swift; path = Networking.swift; sourceTree = "<group>"; };
		3A3324B325174B180023C866 /* TransportflowStop.swift */ = {isa = PBXFileReference; fileEncoding = 4; lastKnownFileType = sourcecode.swift; path = TransportflowStop.swift; sourceTree = "<group>"; };
		3A3324B525174B590023C866 /* TransportflowLocation.swift */ = {isa = PBXFileReference; fileEncoding = 4; lastKnownFileType = sourcecode.swift; path = TransportflowLocation.swift; sourceTree = "<group>"; };
		3A3324B9251776900023C866 /* Stop.swift */ = {isa = PBXFileReference; lastKnownFileType = sourcecode.swift; path = Stop.swift; sourceTree = "<group>"; };
		3A3324BB25177DEA0023C866 /* TransportflowMonitor.swift */ = {isa = PBXFileReference; lastKnownFileType = sourcecode.swift; path = TransportflowMonitor.swift; sourceTree = "<group>"; };
		3A3324BD25177E430023C866 /* TransportflowStopover.swift */ = {isa = PBXFileReference; lastKnownFileType = sourcecode.swift; path = TransportflowStopover.swift; sourceTree = "<group>"; };
		3A3324BF25177F000023C866 /* TransportflowLine.swift */ = {isa = PBXFileReference; lastKnownFileType = sourcecode.swift; path = TransportflowLine.swift; sourceTree = "<group>"; };
		3A3324C125177F4D0023C866 /* TransportflowProduct.swift */ = {isa = PBXFileReference; lastKnownFileType = sourcecode.swift; path = TransportflowProduct.swift; sourceTree = "<group>"; };
		3A3324C3251794F00023C866 /* ErrorList.swift */ = {isa = PBXFileReference; lastKnownFileType = sourcecode.swift; path = ErrorList.swift; sourceTree = "<group>"; };
		3A3324C5251795BE0023C866 /* DepartureTime.swift */ = {isa = PBXFileReference; lastKnownFileType = sourcecode.swift; path = DepartureTime.swift; sourceTree = "<group>"; };
		3A6A9CAF2516760400F95440 /* Monitor.swift */ = {isa = PBXFileReference; lastKnownFileType = sourcecode.swift; path = Monitor.swift; sourceTree = "<group>"; };
		3A6A9CB1251692EE00F95440 /* LocationObserver.swift */ = {isa = PBXFileReference; lastKnownFileType = sourcecode.swift; path = LocationObserver.swift; sourceTree = "<group>"; };
		3A942415251A67B900CED115 /* TransportflowUpcomingStop.swift */ = {isa = PBXFileReference; lastKnownFileType = sourcecode.swift; path = TransportflowUpcomingStop.swift; sourceTree = "<group>"; };
		3AB0D4832516175C00B860FA /* Transportflow.app */ = {isa = PBXFileReference; explicitFileType = wrapper.application; includeInIndex = 0; path = Transportflow.app; sourceTree = BUILT_PRODUCTS_DIR; };
		3AB0D4862516175C00B860FA /* TransportflowApp.swift */ = {isa = PBXFileReference; lastKnownFileType = sourcecode.swift; path = TransportflowApp.swift; sourceTree = "<group>"; };
		3AB0D4882516175C00B860FA /* ContentView.swift */ = {isa = PBXFileReference; lastKnownFileType = sourcecode.swift; path = ContentView.swift; sourceTree = "<group>"; };
		3AB0D48A2516175F00B860FA /* Assets.xcassets */ = {isa = PBXFileReference; lastKnownFileType = folder.assetcatalog; path = Assets.xcassets; sourceTree = "<group>"; };
		3AB0D48D2516175F00B860FA /* Preview Assets.xcassets */ = {isa = PBXFileReference; lastKnownFileType = folder.assetcatalog; path = "Preview Assets.xcassets"; sourceTree = "<group>"; };
		3AB0D48F2516175F00B860FA /* Info.plist */ = {isa = PBXFileReference; lastKnownFileType = text.plist.xml; path = Info.plist; sourceTree = "<group>"; };
		3AB0D4942516175F00B860FA /* TransportflowTests.xctest */ = {isa = PBXFileReference; explicitFileType = wrapper.cfbundle; includeInIndex = 0; path = TransportflowTests.xctest; sourceTree = BUILT_PRODUCTS_DIR; };
		3AB0D4982516175F00B860FA /* TransportflowTests.swift */ = {isa = PBXFileReference; lastKnownFileType = sourcecode.swift; path = TransportflowTests.swift; sourceTree = "<group>"; };
		3AB0D49A2516175F00B860FA /* Info.plist */ = {isa = PBXFileReference; lastKnownFileType = text.plist.xml; path = Info.plist; sourceTree = "<group>"; };
		3AB0D49F2516175F00B860FA /* TransportflowUITests.xctest */ = {isa = PBXFileReference; explicitFileType = wrapper.cfbundle; includeInIndex = 0; path = TransportflowUITests.xctest; sourceTree = BUILT_PRODUCTS_DIR; };
		3AB0D4A32516175F00B860FA /* TransportflowUITests.swift */ = {isa = PBXFileReference; lastKnownFileType = sourcecode.swift; path = TransportflowUITests.swift; sourceTree = "<group>"; };
		3AB0D4A52516175F00B860FA /* Info.plist */ = {isa = PBXFileReference; lastKnownFileType = text.plist.xml; path = Info.plist; sourceTree = "<group>"; };
		3AB0D4A82516175F00B860FA /* Transportflow WatchKit App.app */ = {isa = PBXFileReference; explicitFileType = wrapper.application; includeInIndex = 0; path = "Transportflow WatchKit App.app"; sourceTree = BUILT_PRODUCTS_DIR; };
		3AB0D4AD2516176100B860FA /* Assets.xcassets */ = {isa = PBXFileReference; lastKnownFileType = folder.assetcatalog; path = Assets.xcassets; sourceTree = "<group>"; };
		3AB0D4AF2516176100B860FA /* Info.plist */ = {isa = PBXFileReference; lastKnownFileType = text.plist.xml; path = Info.plist; sourceTree = "<group>"; };
		3AB0D4B42516176100B860FA /* Transportflow WatchKit Extension.appex */ = {isa = PBXFileReference; explicitFileType = "wrapper.app-extension"; includeInIndex = 0; path = "Transportflow WatchKit Extension.appex"; sourceTree = BUILT_PRODUCTS_DIR; };
		3AB0D4B92516176100B860FA /* TransportflowApp.swift */ = {isa = PBXFileReference; lastKnownFileType = sourcecode.swift; path = TransportflowApp.swift; sourceTree = "<group>"; };
		3AB0D4BB2516176100B860FA /* ContentView.swift */ = {isa = PBXFileReference; lastKnownFileType = sourcecode.swift; path = ContentView.swift; sourceTree = "<group>"; };
		3AB0D4BD2516176100B860FA /* NotificationController.swift */ = {isa = PBXFileReference; lastKnownFileType = sourcecode.swift; path = NotificationController.swift; sourceTree = "<group>"; };
		3AB0D4BF2516176100B860FA /* NotificationView.swift */ = {isa = PBXFileReference; lastKnownFileType = sourcecode.swift; path = NotificationView.swift; sourceTree = "<group>"; };
		3AB0D4C12516176100B860FA /* ComplicationController.swift */ = {isa = PBXFileReference; lastKnownFileType = sourcecode.swift; path = ComplicationController.swift; sourceTree = "<group>"; };
		3AB0D4C32516176200B860FA /* Assets.xcassets */ = {isa = PBXFileReference; lastKnownFileType = folder.assetcatalog; path = Assets.xcassets; sourceTree = "<group>"; };
		3AB0D4C62516176200B860FA /* Preview Assets.xcassets */ = {isa = PBXFileReference; lastKnownFileType = folder.assetcatalog; path = "Preview Assets.xcassets"; sourceTree = "<group>"; };
		3AB0D4C82516176200B860FA /* Info.plist */ = {isa = PBXFileReference; lastKnownFileType = text.plist.xml; path = Info.plist; sourceTree = "<group>"; };
		3AB0D4C92516176200B860FA /* PushNotificationPayload.apns */ = {isa = PBXFileReference; lastKnownFileType = text; path = PushNotificationPayload.apns; sourceTree = "<group>"; };
		3ABED0022519026C002FC108 /* Departure.swift */ = {isa = PBXFileReference; lastKnownFileType = sourcecode.swift; path = Departure.swift; sourceTree = "<group>"; };
		3ABED0042519027B002FC108 /* DepartureDetail.swift */ = {isa = PBXFileReference; lastKnownFileType = sourcecode.swift; path = DepartureDetail.swift; sourceTree = "<group>"; };
		48138FF56E5393D6E282CCA0 /* Pods-Transportflow WatchKit Extension.release.xcconfig */ = {isa = PBXFileReference; includeInIndex = 1; lastKnownFileType = text.xcconfig; name = "Pods-Transportflow WatchKit Extension.release.xcconfig"; path = "Target Support Files/Pods-Transportflow WatchKit Extension/Pods-Transportflow WatchKit Extension.release.xcconfig"; sourceTree = "<group>"; };
		5D6CBA228293F9E2428076FA /* Pods-TransportflowTests.release.xcconfig */ = {isa = PBXFileReference; includeInIndex = 1; lastKnownFileType = text.xcconfig; name = "Pods-TransportflowTests.release.xcconfig"; path = "Target Support Files/Pods-TransportflowTests/Pods-TransportflowTests.release.xcconfig"; sourceTree = "<group>"; };
		80D9BA35F37D176D53D143A0 /* Pods_Transportflow_WatchKit_App.framework */ = {isa = PBXFileReference; explicitFileType = wrapper.framework; includeInIndex = 0; path = Pods_Transportflow_WatchKit_App.framework; sourceTree = BUILT_PRODUCTS_DIR; };
		883CCC5AD19E38FA82CCCA16 /* Pods_TransportflowTests.framework */ = {isa = PBXFileReference; explicitFileType = wrapper.framework; includeInIndex = 0; path = Pods_TransportflowTests.framework; sourceTree = BUILT_PRODUCTS_DIR; };
		912A15DCB08C666BFE3A37A3 /* Pods-Transportflow WatchKit App.debug.xcconfig */ = {isa = PBXFileReference; includeInIndex = 1; lastKnownFileType = text.xcconfig; name = "Pods-Transportflow WatchKit App.debug.xcconfig"; path = "Target Support Files/Pods-Transportflow WatchKit App/Pods-Transportflow WatchKit App.debug.xcconfig"; sourceTree = "<group>"; };
		98690ADC1760C68015B773B0 /* Pods-Transportflow WatchKit Extension.debug.xcconfig */ = {isa = PBXFileReference; includeInIndex = 1; lastKnownFileType = text.xcconfig; name = "Pods-Transportflow WatchKit Extension.debug.xcconfig"; path = "Target Support Files/Pods-Transportflow WatchKit Extension/Pods-Transportflow WatchKit Extension.debug.xcconfig"; sourceTree = "<group>"; };
		D6A101EA12CFD17F7403F317 /* Pods-Transportflow-TransportflowUITests.release.xcconfig */ = {isa = PBXFileReference; includeInIndex = 1; lastKnownFileType = text.xcconfig; name = "Pods-Transportflow-TransportflowUITests.release.xcconfig"; path = "Target Support Files/Pods-Transportflow-TransportflowUITests/Pods-Transportflow-TransportflowUITests.release.xcconfig"; sourceTree = "<group>"; };
		FDA771E15588AAC4072BFC3F /* Pods_Transportflow.framework */ = {isa = PBXFileReference; explicitFileType = wrapper.framework; includeInIndex = 0; path = Pods_Transportflow.framework; sourceTree = BUILT_PRODUCTS_DIR; };
/* End PBXFileReference section */

/* Begin PBXFrameworksBuildPhase section */
		3AB0D4802516175C00B860FA /* Frameworks */ = {
			isa = PBXFrameworksBuildPhase;
			buildActionMask = 2147483647;
			files = (
				34FD77B337B2F0D23EDD32F5 /* Pods_Transportflow.framework in Frameworks */,
			);
			runOnlyForDeploymentPostprocessing = 0;
		};
		3AB0D4912516175F00B860FA /* Frameworks */ = {
			isa = PBXFrameworksBuildPhase;
			buildActionMask = 2147483647;
			files = (
				C64B97A158A6C211AC102DDB /* Pods_TransportflowTests.framework in Frameworks */,
			);
			runOnlyForDeploymentPostprocessing = 0;
		};
		3AB0D49C2516175F00B860FA /* Frameworks */ = {
			isa = PBXFrameworksBuildPhase;
			buildActionMask = 2147483647;
			files = (
				91ECAE7B35E3C9427B2A6BB7 /* Pods_Transportflow_TransportflowUITests.framework in Frameworks */,
			);
			runOnlyForDeploymentPostprocessing = 0;
		};
		3AB0D4B12516176100B860FA /* Frameworks */ = {
			isa = PBXFrameworksBuildPhase;
			buildActionMask = 2147483647;
			files = (
				BDAA0A9F0C74FDAC7B39572D /* Pods_Transportflow_WatchKit_Extension.framework in Frameworks */,
			);
			runOnlyForDeploymentPostprocessing = 0;
		};
		EB481700E74C76732F12466E /* Frameworks */ = {
			isa = PBXFrameworksBuildPhase;
			buildActionMask = 2147483647;
			files = (
				8AD501CA02A55F0727FBCD8D /* Pods_Transportflow_WatchKit_App.framework in Frameworks */,
			);
			runOnlyForDeploymentPostprocessing = 0;
		};
/* End PBXFrameworksBuildPhase section */

/* Begin PBXGroup section */
		3A2E15BA2517334C00603BC7 /* Data */ = {
			isa = PBXGroup;
			children = (
				3A942417251A67CE00CED115 /* Models */,
				3A6A9CB1251692EE00F95440 /* LocationObserver.swift */,
				3A2E15BD2517337600603BC7 /* Networking.swift */,
			);
			path = Data;
			sourceTree = "<group>";
		};
		3A942417251A67CE00CED115 /* Models */ = {
			isa = PBXGroup;
			children = (
				3A3324BB25177DEA0023C866 /* TransportflowMonitor.swift */,
				3A3324B325174B180023C866 /* TransportflowStop.swift */,
				3A3324BD25177E430023C866 /* TransportflowStopover.swift */,
				3A3324BF25177F000023C866 /* TransportflowLine.swift */,
				3A3324C125177F4D0023C866 /* TransportflowProduct.swift */,
				3A3324B525174B590023C866 /* TransportflowLocation.swift */,
				3A2E15BB2517335E00603BC7 /* TransportflowProvider.swift */,
				3A942415251A67B900CED115 /* TransportflowUpcomingStop.swift */,
			);
			path = Models;
			sourceTree = "<group>";
		};
		3AB0D47A2516175C00B860FA = {
			isa = PBXGroup;
			children = (
				3AB0D4852516175C00B860FA /* Transportflow */,
				3AB0D4972516175F00B860FA /* TransportflowTests */,
				3AB0D4A22516175F00B860FA /* TransportflowUITests */,
				3AB0D4AC2516175F00B860FA /* Transportflow WatchKit App */,
				3AB0D4B82516176100B860FA /* Transportflow WatchKit Extension */,
				3AB0D4842516175C00B860FA /* Products */,
				95A877280584ACF83DBE9689 /* Pods */,
				8D866FB0E2285D8AD2685273 /* Frameworks */,
			);
			sourceTree = "<group>";
		};
		3AB0D4842516175C00B860FA /* Products */ = {
			isa = PBXGroup;
			children = (
				3AB0D4832516175C00B860FA /* Transportflow.app */,
				3AB0D4942516175F00B860FA /* TransportflowTests.xctest */,
				3AB0D49F2516175F00B860FA /* TransportflowUITests.xctest */,
				3AB0D4A82516175F00B860FA /* Transportflow WatchKit App.app */,
				3AB0D4B42516176100B860FA /* Transportflow WatchKit Extension.appex */,
			);
			name = Products;
			sourceTree = "<group>";
		};
		3AB0D4852516175C00B860FA /* Transportflow */ = {
			isa = PBXGroup;
			children = (
				3AB0D4862516175C00B860FA /* TransportflowApp.swift */,
				3AB0D4882516175C00B860FA /* ContentView.swift */,
				3AB0D48A2516175F00B860FA /* Assets.xcassets */,
				3AB0D48F2516175F00B860FA /* Info.plist */,
				3AB0D48C2516175F00B860FA /* Preview Content */,
			);
			path = Transportflow;
			sourceTree = "<group>";
		};
		3AB0D48C2516175F00B860FA /* Preview Content */ = {
			isa = PBXGroup;
			children = (
				3AB0D48D2516175F00B860FA /* Preview Assets.xcassets */,
			);
			path = "Preview Content";
			sourceTree = "<group>";
		};
		3AB0D4972516175F00B860FA /* TransportflowTests */ = {
			isa = PBXGroup;
			children = (
				3AB0D4982516175F00B860FA /* TransportflowTests.swift */,
				3AB0D49A2516175F00B860FA /* Info.plist */,
			);
			path = TransportflowTests;
			sourceTree = "<group>";
		};
		3AB0D4A22516175F00B860FA /* TransportflowUITests */ = {
			isa = PBXGroup;
			children = (
				3AB0D4A32516175F00B860FA /* TransportflowUITests.swift */,
				3AB0D4A52516175F00B860FA /* Info.plist */,
			);
			path = TransportflowUITests;
			sourceTree = "<group>";
		};
		3AB0D4AC2516175F00B860FA /* Transportflow WatchKit App */ = {
			isa = PBXGroup;
			children = (
				3AB0D4AD2516176100B860FA /* Assets.xcassets */,
				3AB0D4AF2516176100B860FA /* Info.plist */,
			);
			path = "Transportflow WatchKit App";
			sourceTree = "<group>";
		};
		3AB0D4B82516176100B860FA /* Transportflow WatchKit Extension */ = {
			isa = PBXGroup;
			children = (
				3A2E15BA2517334C00603BC7 /* Data */,
				3AB0D4DD2516179B00B860FA /* Views */,
				3AB0D4B92516176100B860FA /* TransportflowApp.swift */,
				3AB0D4BB2516176100B860FA /* ContentView.swift */,
				3AB0D4BD2516176100B860FA /* NotificationController.swift */,
				3AB0D4BF2516176100B860FA /* NotificationView.swift */,
				3AB0D4C12516176100B860FA /* ComplicationController.swift */,
				3AB0D4C32516176200B860FA /* Assets.xcassets */,
				3AB0D4C82516176200B860FA /* Info.plist */,
				3AB0D4C92516176200B860FA /* PushNotificationPayload.apns */,
				3AB0D4C52516176200B860FA /* Preview Content */,
			);
			path = "Transportflow WatchKit Extension";
			sourceTree = "<group>";
		};
		3AB0D4C52516176200B860FA /* Preview Content */ = {
			isa = PBXGroup;
			children = (
				3AB0D4C62516176200B860FA /* Preview Assets.xcassets */,
			);
			path = "Preview Content";
			sourceTree = "<group>";
		};
		3AB0D4DD2516179B00B860FA /* Views */ = {
			isa = PBXGroup;
			children = (
				3ABED0012519025C002FC108 /* Departure */,
				3A6A9CAF2516760400F95440 /* Monitor.swift */,
				3A3324B9251776900023C866 /* Stop.swift */,
				3A3324C3251794F00023C866 /* ErrorList.swift */,
				3A3324C5251795BE0023C866 /* DepartureTime.swift */,
			);
			path = Views;
			sourceTree = "<group>";
		};
		3ABED0012519025C002FC108 /* Departure */ = {
			isa = PBXGroup;
			children = (
				3ABED0022519026C002FC108 /* Departure.swift */,
				3ABED0042519027B002FC108 /* DepartureDetail.swift */,
			);
			path = Departure;
			sourceTree = "<group>";
		};
		8D866FB0E2285D8AD2685273 /* Frameworks */ = {
			isa = PBXGroup;
			children = (
				FDA771E15588AAC4072BFC3F /* Pods_Transportflow.framework */,
				80D9BA35F37D176D53D143A0 /* Pods_Transportflow_WatchKit_App.framework */,
				26452B4C312E62271D44AE4D /* Pods_Transportflow_WatchKit_Extension.framework */,
				06304C3317712CD64F56035A /* Pods_Transportflow_TransportflowUITests.framework */,
				883CCC5AD19E38FA82CCCA16 /* Pods_TransportflowTests.framework */,
			);
			name = Frameworks;
			sourceTree = "<group>";
		};
		95A877280584ACF83DBE9689 /* Pods */ = {
			isa = PBXGroup;
			children = (
				2EF2B7D7DDB1A43702B440C9 /* Pods-Transportflow.debug.xcconfig */,
				01AE25FBDB430630ED257B6E /* Pods-Transportflow.release.xcconfig */,
				912A15DCB08C666BFE3A37A3 /* Pods-Transportflow WatchKit App.debug.xcconfig */,
				1D2A423DC71ED732D607290F /* Pods-Transportflow WatchKit App.release.xcconfig */,
				98690ADC1760C68015B773B0 /* Pods-Transportflow WatchKit Extension.debug.xcconfig */,
				48138FF56E5393D6E282CCA0 /* Pods-Transportflow WatchKit Extension.release.xcconfig */,
				1C4D0B039A19809AC30FF57E /* Pods-Transportflow-TransportflowUITests.debug.xcconfig */,
				D6A101EA12CFD17F7403F317 /* Pods-Transportflow-TransportflowUITests.release.xcconfig */,
				2ECB3AFE6F276DEE4806FEBA /* Pods-TransportflowTests.debug.xcconfig */,
				5D6CBA228293F9E2428076FA /* Pods-TransportflowTests.release.xcconfig */,
			);
			path = Pods;
			sourceTree = "<group>";
		};
/* End PBXGroup section */

/* Begin PBXNativeTarget section */
		3AB0D4822516175C00B860FA /* Transportflow */ = {
			isa = PBXNativeTarget;
			buildConfigurationList = 3AB0D4D42516176200B860FA /* Build configuration list for PBXNativeTarget "Transportflow" */;
			buildPhases = (
				FDFB856F86F587581C1EBED8 /* [CP] Check Pods Manifest.lock */,
				3AB0D47F2516175C00B860FA /* Sources */,
				3AB0D4802516175C00B860FA /* Frameworks */,
				3AB0D4812516175C00B860FA /* Resources */,
				3AB0D4D32516176200B860FA /* Embed Watch Content */,
			);
			buildRules = (
			);
			dependencies = (
				3AB0D4AB2516175F00B860FA /* PBXTargetDependency */,
			);
			name = Transportflow;
			productName = Transportflow;
			productReference = 3AB0D4832516175C00B860FA /* Transportflow.app */;
			productType = "com.apple.product-type.application";
		};
		3AB0D4932516175F00B860FA /* TransportflowTests */ = {
			isa = PBXNativeTarget;
			buildConfigurationList = 3AB0D4D72516176200B860FA /* Build configuration list for PBXNativeTarget "TransportflowTests" */;
			buildPhases = (
				13E9638C6087EF47419F51A8 /* [CP] Check Pods Manifest.lock */,
				3AB0D4902516175F00B860FA /* Sources */,
				3AB0D4912516175F00B860FA /* Frameworks */,
				3AB0D4922516175F00B860FA /* Resources */,
			);
			buildRules = (
			);
			dependencies = (
				3AB0D4962516175F00B860FA /* PBXTargetDependency */,
			);
			name = TransportflowTests;
			productName = TransportflowTests;
			productReference = 3AB0D4942516175F00B860FA /* TransportflowTests.xctest */;
			productType = "com.apple.product-type.bundle.unit-test";
		};
		3AB0D49E2516175F00B860FA /* TransportflowUITests */ = {
			isa = PBXNativeTarget;
			buildConfigurationList = 3AB0D4DA2516176200B860FA /* Build configuration list for PBXNativeTarget "TransportflowUITests" */;
			buildPhases = (
				C97AB5FEDCE7459FB0AC061D /* [CP] Check Pods Manifest.lock */,
				3AB0D49B2516175F00B860FA /* Sources */,
				3AB0D49C2516175F00B860FA /* Frameworks */,
				3AB0D49D2516175F00B860FA /* Resources */,
			);
			buildRules = (
			);
			dependencies = (
				3AB0D4A12516175F00B860FA /* PBXTargetDependency */,
			);
			name = TransportflowUITests;
			productName = TransportflowUITests;
			productReference = 3AB0D49F2516175F00B860FA /* TransportflowUITests.xctest */;
			productType = "com.apple.product-type.bundle.ui-testing";
		};
		3AB0D4A72516175F00B860FA /* Transportflow WatchKit App */ = {
			isa = PBXNativeTarget;
			buildConfigurationList = 3AB0D4D02516176200B860FA /* Build configuration list for PBXNativeTarget "Transportflow WatchKit App" */;
			buildPhases = (
				AAB6EEB04A56B11871B292F6 /* [CP] Check Pods Manifest.lock */,
				3AB0D4A62516175F00B860FA /* Resources */,
				3AB0D4CF2516176200B860FA /* Embed App Extensions */,
				EB481700E74C76732F12466E /* Frameworks */,
			);
			buildRules = (
			);
			dependencies = (
				3AB0D4B72516176100B860FA /* PBXTargetDependency */,
			);
			name = "Transportflow WatchKit App";
			productName = "Transportflow WatchKit App";
			productReference = 3AB0D4A82516175F00B860FA /* Transportflow WatchKit App.app */;
			productType = "com.apple.product-type.application.watchapp2";
		};
		3AB0D4B32516176100B860FA /* Transportflow WatchKit Extension */ = {
			isa = PBXNativeTarget;
			buildConfigurationList = 3AB0D4CC2516176200B860FA /* Build configuration list for PBXNativeTarget "Transportflow WatchKit Extension" */;
			buildPhases = (
				D3F32CBD8F2581F9CD824969 /* [CP] Check Pods Manifest.lock */,
				3AB0D4B02516176100B860FA /* Sources */,
				3AB0D4B12516176100B860FA /* Frameworks */,
				3AB0D4B22516176100B860FA /* Resources */,
				5319AF2B374FAC50E57DD536 /* [CP] Embed Pods Frameworks */,
			);
			buildRules = (
			);
			dependencies = (
			);
			name = "Transportflow WatchKit Extension";
			productName = "Transportflow WatchKit Extension";
			productReference = 3AB0D4B42516176100B860FA /* Transportflow WatchKit Extension.appex */;
			productType = "com.apple.product-type.watchkit2-extension";
		};
/* End PBXNativeTarget section */

/* Begin PBXProject section */
		3AB0D47B2516175C00B860FA /* Project object */ = {
			isa = PBXProject;
			attributes = {
				LastSwiftUpdateCheck = 1200;
				LastUpgradeCheck = 1200;
				TargetAttributes = {
					3AB0D4822516175C00B860FA = {
						CreatedOnToolsVersion = 12.0;
					};
					3AB0D4932516175F00B860FA = {
						CreatedOnToolsVersion = 12.0;
						TestTargetID = 3AB0D4822516175C00B860FA;
					};
					3AB0D49E2516175F00B860FA = {
						CreatedOnToolsVersion = 12.0;
						TestTargetID = 3AB0D4822516175C00B860FA;
					};
					3AB0D4A72516175F00B860FA = {
						CreatedOnToolsVersion = 12.0;
					};
					3AB0D4B32516176100B860FA = {
						CreatedOnToolsVersion = 12.0;
					};
				};
			};
			buildConfigurationList = 3AB0D47E2516175C00B860FA /* Build configuration list for PBXProject "Transportflow" */;
			compatibilityVersion = "Xcode 9.3";
			developmentRegion = en;
			hasScannedForEncodings = 0;
			knownRegions = (
				en,
				Base,
			);
			mainGroup = 3AB0D47A2516175C00B860FA;
			productRefGroup = 3AB0D4842516175C00B860FA /* Products */;
			projectDirPath = "";
			projectRoot = "";
			targets = (
				3AB0D4822516175C00B860FA /* Transportflow */,
				3AB0D4932516175F00B860FA /* TransportflowTests */,
				3AB0D49E2516175F00B860FA /* TransportflowUITests */,
				3AB0D4A72516175F00B860FA /* Transportflow WatchKit App */,
				3AB0D4B32516176100B860FA /* Transportflow WatchKit Extension */,
			);
		};
/* End PBXProject section */

/* Begin PBXResourcesBuildPhase section */
		3AB0D4812516175C00B860FA /* Resources */ = {
			isa = PBXResourcesBuildPhase;
			buildActionMask = 2147483647;
			files = (
				3AB0D48E2516175F00B860FA /* Preview Assets.xcassets in Resources */,
				3AB0D48B2516175F00B860FA /* Assets.xcassets in Resources */,
			);
			runOnlyForDeploymentPostprocessing = 0;
		};
		3AB0D4922516175F00B860FA /* Resources */ = {
			isa = PBXResourcesBuildPhase;
			buildActionMask = 2147483647;
			files = (
			);
			runOnlyForDeploymentPostprocessing = 0;
		};
		3AB0D49D2516175F00B860FA /* Resources */ = {
			isa = PBXResourcesBuildPhase;
			buildActionMask = 2147483647;
			files = (
			);
			runOnlyForDeploymentPostprocessing = 0;
		};
		3AB0D4A62516175F00B860FA /* Resources */ = {
			isa = PBXResourcesBuildPhase;
			buildActionMask = 2147483647;
			files = (
				3AB0D4AE2516176100B860FA /* Assets.xcassets in Resources */,
			);
			runOnlyForDeploymentPostprocessing = 0;
		};
		3AB0D4B22516176100B860FA /* Resources */ = {
			isa = PBXResourcesBuildPhase;
			buildActionMask = 2147483647;
			files = (
				3AB0D4C72516176200B860FA /* Preview Assets.xcassets in Resources */,
				3AB0D4C42516176200B860FA /* Assets.xcassets in Resources */,
			);
			runOnlyForDeploymentPostprocessing = 0;
		};
/* End PBXResourcesBuildPhase section */

/* Begin PBXShellScriptBuildPhase section */
		13E9638C6087EF47419F51A8 /* [CP] Check Pods Manifest.lock */ = {
			isa = PBXShellScriptBuildPhase;
			buildActionMask = 2147483647;
			files = (
			);
			inputFileListPaths = (
			);
			inputPaths = (
				"${PODS_PODFILE_DIR_PATH}/Podfile.lock",
				"${PODS_ROOT}/Manifest.lock",
			);
			name = "[CP] Check Pods Manifest.lock";
			outputFileListPaths = (
			);
			outputPaths = (
				"$(DERIVED_FILE_DIR)/Pods-TransportflowTests-checkManifestLockResult.txt",
			);
			runOnlyForDeploymentPostprocessing = 0;
			shellPath = /bin/sh;
			shellScript = "diff \"${PODS_PODFILE_DIR_PATH}/Podfile.lock\" \"${PODS_ROOT}/Manifest.lock\" > /dev/null\nif [ $? != 0 ] ; then\n    # print error to STDERR\n    echo \"error: The sandbox is not in sync with the Podfile.lock. Run 'pod install' or update your CocoaPods installation.\" >&2\n    exit 1\nfi\n# This output is used by Xcode 'outputs' to avoid re-running this script phase.\necho \"SUCCESS\" > \"${SCRIPT_OUTPUT_FILE_0}\"\n";
			showEnvVarsInLog = 0;
		};
		5319AF2B374FAC50E57DD536 /* [CP] Embed Pods Frameworks */ = {
			isa = PBXShellScriptBuildPhase;
			buildActionMask = 2147483647;
			files = (
			);
			inputFileListPaths = (
				"${PODS_ROOT}/Target Support Files/Pods-Transportflow WatchKit Extension/Pods-Transportflow WatchKit Extension-frameworks-${CONFIGURATION}-input-files.xcfilelist",
			);
			name = "[CP] Embed Pods Frameworks";
			outputFileListPaths = (
				"${PODS_ROOT}/Target Support Files/Pods-Transportflow WatchKit Extension/Pods-Transportflow WatchKit Extension-frameworks-${CONFIGURATION}-output-files.xcfilelist",
			);
			runOnlyForDeploymentPostprocessing = 0;
			shellPath = /bin/sh;
			shellScript = "\"${PODS_ROOT}/Target Support Files/Pods-Transportflow WatchKit Extension/Pods-Transportflow WatchKit Extension-frameworks.sh\"\n";
			showEnvVarsInLog = 0;
		};
		AAB6EEB04A56B11871B292F6 /* [CP] Check Pods Manifest.lock */ = {
			isa = PBXShellScriptBuildPhase;
			buildActionMask = 2147483647;
			files = (
			);
			inputFileListPaths = (
			);
			inputPaths = (
				"${PODS_PODFILE_DIR_PATH}/Podfile.lock",
				"${PODS_ROOT}/Manifest.lock",
			);
			name = "[CP] Check Pods Manifest.lock";
			outputFileListPaths = (
			);
			outputPaths = (
				"$(DERIVED_FILE_DIR)/Pods-Transportflow WatchKit App-checkManifestLockResult.txt",
			);
			runOnlyForDeploymentPostprocessing = 0;
			shellPath = /bin/sh;
			shellScript = "diff \"${PODS_PODFILE_DIR_PATH}/Podfile.lock\" \"${PODS_ROOT}/Manifest.lock\" > /dev/null\nif [ $? != 0 ] ; then\n    # print error to STDERR\n    echo \"error: The sandbox is not in sync with the Podfile.lock. Run 'pod install' or update your CocoaPods installation.\" >&2\n    exit 1\nfi\n# This output is used by Xcode 'outputs' to avoid re-running this script phase.\necho \"SUCCESS\" > \"${SCRIPT_OUTPUT_FILE_0}\"\n";
			showEnvVarsInLog = 0;
		};
		C97AB5FEDCE7459FB0AC061D /* [CP] Check Pods Manifest.lock */ = {
			isa = PBXShellScriptBuildPhase;
			buildActionMask = 2147483647;
			files = (
			);
			inputFileListPaths = (
			);
			inputPaths = (
				"${PODS_PODFILE_DIR_PATH}/Podfile.lock",
				"${PODS_ROOT}/Manifest.lock",
			);
			name = "[CP] Check Pods Manifest.lock";
			outputFileListPaths = (
			);
			outputPaths = (
				"$(DERIVED_FILE_DIR)/Pods-Transportflow-TransportflowUITests-checkManifestLockResult.txt",
			);
			runOnlyForDeploymentPostprocessing = 0;
			shellPath = /bin/sh;
			shellScript = "diff \"${PODS_PODFILE_DIR_PATH}/Podfile.lock\" \"${PODS_ROOT}/Manifest.lock\" > /dev/null\nif [ $? != 0 ] ; then\n    # print error to STDERR\n    echo \"error: The sandbox is not in sync with the Podfile.lock. Run 'pod install' or update your CocoaPods installation.\" >&2\n    exit 1\nfi\n# This output is used by Xcode 'outputs' to avoid re-running this script phase.\necho \"SUCCESS\" > \"${SCRIPT_OUTPUT_FILE_0}\"\n";
			showEnvVarsInLog = 0;
		};
		D3F32CBD8F2581F9CD824969 /* [CP] Check Pods Manifest.lock */ = {
			isa = PBXShellScriptBuildPhase;
			buildActionMask = 2147483647;
			files = (
			);
			inputFileListPaths = (
			);
			inputPaths = (
				"${PODS_PODFILE_DIR_PATH}/Podfile.lock",
				"${PODS_ROOT}/Manifest.lock",
			);
			name = "[CP] Check Pods Manifest.lock";
			outputFileListPaths = (
			);
			outputPaths = (
				"$(DERIVED_FILE_DIR)/Pods-Transportflow WatchKit Extension-checkManifestLockResult.txt",
			);
			runOnlyForDeploymentPostprocessing = 0;
			shellPath = /bin/sh;
			shellScript = "diff \"${PODS_PODFILE_DIR_PATH}/Podfile.lock\" \"${PODS_ROOT}/Manifest.lock\" > /dev/null\nif [ $? != 0 ] ; then\n    # print error to STDERR\n    echo \"error: The sandbox is not in sync with the Podfile.lock. Run 'pod install' or update your CocoaPods installation.\" >&2\n    exit 1\nfi\n# This output is used by Xcode 'outputs' to avoid re-running this script phase.\necho \"SUCCESS\" > \"${SCRIPT_OUTPUT_FILE_0}\"\n";
			showEnvVarsInLog = 0;
		};
		FDFB856F86F587581C1EBED8 /* [CP] Check Pods Manifest.lock */ = {
			isa = PBXShellScriptBuildPhase;
			buildActionMask = 2147483647;
			files = (
			);
			inputFileListPaths = (
			);
			inputPaths = (
				"${PODS_PODFILE_DIR_PATH}/Podfile.lock",
				"${PODS_ROOT}/Manifest.lock",
			);
			name = "[CP] Check Pods Manifest.lock";
			outputFileListPaths = (
			);
			outputPaths = (
				"$(DERIVED_FILE_DIR)/Pods-Transportflow-checkManifestLockResult.txt",
			);
			runOnlyForDeploymentPostprocessing = 0;
			shellPath = /bin/sh;
			shellScript = "diff \"${PODS_PODFILE_DIR_PATH}/Podfile.lock\" \"${PODS_ROOT}/Manifest.lock\" > /dev/null\nif [ $? != 0 ] ; then\n    # print error to STDERR\n    echo \"error: The sandbox is not in sync with the Podfile.lock. Run 'pod install' or update your CocoaPods installation.\" >&2\n    exit 1\nfi\n# This output is used by Xcode 'outputs' to avoid re-running this script phase.\necho \"SUCCESS\" > \"${SCRIPT_OUTPUT_FILE_0}\"\n";
			showEnvVarsInLog = 0;
		};
/* End PBXShellScriptBuildPhase section */

/* Begin PBXSourcesBuildPhase section */
		3AB0D47F2516175C00B860FA /* Sources */ = {
			isa = PBXSourcesBuildPhase;
			buildActionMask = 2147483647;
			files = (
				3AB0D4892516175C00B860FA /* ContentView.swift in Sources */,
				3AB0D4872516175C00B860FA /* TransportflowApp.swift in Sources */,
			);
			runOnlyForDeploymentPostprocessing = 0;
		};
		3AB0D4902516175F00B860FA /* Sources */ = {
			isa = PBXSourcesBuildPhase;
			buildActionMask = 2147483647;
			files = (
				3AB0D4992516175F00B860FA /* TransportflowTests.swift in Sources */,
			);
			runOnlyForDeploymentPostprocessing = 0;
		};
		3AB0D49B2516175F00B860FA /* Sources */ = {
			isa = PBXSourcesBuildPhase;
			buildActionMask = 2147483647;
			files = (
				3AB0D4A42516175F00B860FA /* TransportflowUITests.swift in Sources */,
			);
			runOnlyForDeploymentPostprocessing = 0;
		};
		3AB0D4B02516176100B860FA /* Sources */ = {
			isa = PBXSourcesBuildPhase;
			buildActionMask = 2147483647;
			files = (
				3AB0D4BE2516176100B860FA /* NotificationController.swift in Sources */,
				3A2E15BE2517337600603BC7 /* Networking.swift in Sources */,
				3A3324B625174B590023C866 /* TransportflowLocation.swift in Sources */,
				3A3324C025177F000023C866 /* TransportflowLine.swift in Sources */,
				3A3324BE25177E430023C866 /* TransportflowStopover.swift in Sources */,
				3A6A9CB2251692EE00F95440 /* LocationObserver.swift in Sources */,
				3A3324B425174B180023C866 /* TransportflowStop.swift in Sources */,
				3A6A9CB02516760400F95440 /* Monitor.swift in Sources */,
				3AB0D4BC2516176100B860FA /* ContentView.swift in Sources */,
				3A3324C4251794F00023C866 /* ErrorList.swift in Sources */,
				3A2E15BC2517335E00603BC7 /* TransportflowProvider.swift in Sources */,
				3ABED0032519026C002FC108 /* Departure.swift in Sources */,
				3AB0D4C22516176100B860FA /* ComplicationController.swift in Sources */,
				3A3324C225177F4D0023C866 /* TransportflowProduct.swift in Sources */,
				3A3324C6251795BE0023C866 /* DepartureTime.swift in Sources */,
				3A942416251A67B900CED115 /* TransportflowUpcomingStop.swift in Sources */,
				3ABED0052519027B002FC108 /* DepartureDetail.swift in Sources */,
				3AB0D4BA2516176100B860FA /* TransportflowApp.swift in Sources */,
				3AB0D4C02516176100B860FA /* NotificationView.swift in Sources */,
				3A3324BA251776900023C866 /* Stop.swift in Sources */,
				3A3324BC25177DEA0023C866 /* TransportflowMonitor.swift in Sources */,
			);
			runOnlyForDeploymentPostprocessing = 0;
		};
/* End PBXSourcesBuildPhase section */

/* Begin PBXTargetDependency section */
		3AB0D4962516175F00B860FA /* PBXTargetDependency */ = {
			isa = PBXTargetDependency;
			target = 3AB0D4822516175C00B860FA /* Transportflow */;
			targetProxy = 3AB0D4952516175F00B860FA /* PBXContainerItemProxy */;
		};
		3AB0D4A12516175F00B860FA /* PBXTargetDependency */ = {
			isa = PBXTargetDependency;
			target = 3AB0D4822516175C00B860FA /* Transportflow */;
			targetProxy = 3AB0D4A02516175F00B860FA /* PBXContainerItemProxy */;
		};
		3AB0D4AB2516175F00B860FA /* PBXTargetDependency */ = {
			isa = PBXTargetDependency;
			target = 3AB0D4A72516175F00B860FA /* Transportflow WatchKit App */;
			targetProxy = 3AB0D4AA2516175F00B860FA /* PBXContainerItemProxy */;
		};
		3AB0D4B72516176100B860FA /* PBXTargetDependency */ = {
			isa = PBXTargetDependency;
			target = 3AB0D4B32516176100B860FA /* Transportflow WatchKit Extension */;
			targetProxy = 3AB0D4B62516176100B860FA /* PBXContainerItemProxy */;
		};
/* End PBXTargetDependency section */

/* Begin XCBuildConfiguration section */
		3AB0D4CA2516176200B860FA /* Debug */ = {
			isa = XCBuildConfiguration;
			buildSettings = {
				ALWAYS_SEARCH_USER_PATHS = NO;
				CLANG_ANALYZER_NONNULL = YES;
				CLANG_ANALYZER_NUMBER_OBJECT_CONVERSION = YES_AGGRESSIVE;
				CLANG_CXX_LANGUAGE_STANDARD = "gnu++14";
				CLANG_CXX_LIBRARY = "libc++";
				CLANG_ENABLE_MODULES = YES;
				CLANG_ENABLE_OBJC_ARC = YES;
				CLANG_ENABLE_OBJC_WEAK = YES;
				CLANG_WARN_BLOCK_CAPTURE_AUTORELEASING = YES;
				CLANG_WARN_BOOL_CONVERSION = YES;
				CLANG_WARN_COMMA = YES;
				CLANG_WARN_CONSTANT_CONVERSION = YES;
				CLANG_WARN_DEPRECATED_OBJC_IMPLEMENTATIONS = YES;
				CLANG_WARN_DIRECT_OBJC_ISA_USAGE = YES_ERROR;
				CLANG_WARN_DOCUMENTATION_COMMENTS = YES;
				CLANG_WARN_EMPTY_BODY = YES;
				CLANG_WARN_ENUM_CONVERSION = YES;
				CLANG_WARN_INFINITE_RECURSION = YES;
				CLANG_WARN_INT_CONVERSION = YES;
				CLANG_WARN_NON_LITERAL_NULL_CONVERSION = YES;
				CLANG_WARN_OBJC_IMPLICIT_RETAIN_SELF = YES;
				CLANG_WARN_OBJC_LITERAL_CONVERSION = YES;
				CLANG_WARN_OBJC_ROOT_CLASS = YES_ERROR;
				CLANG_WARN_QUOTED_INCLUDE_IN_FRAMEWORK_HEADER = YES;
				CLANG_WARN_RANGE_LOOP_ANALYSIS = YES;
				CLANG_WARN_STRICT_PROTOTYPES = YES;
				CLANG_WARN_SUSPICIOUS_MOVE = YES;
				CLANG_WARN_UNGUARDED_AVAILABILITY = YES_AGGRESSIVE;
				CLANG_WARN_UNREACHABLE_CODE = YES;
				CLANG_WARN__DUPLICATE_METHOD_MATCH = YES;
				COPY_PHASE_STRIP = NO;
				DEBUG_INFORMATION_FORMAT = dwarf;
				ENABLE_STRICT_OBJC_MSGSEND = YES;
				ENABLE_TESTABILITY = YES;
				GCC_C_LANGUAGE_STANDARD = gnu11;
				GCC_DYNAMIC_NO_PIC = NO;
				GCC_NO_COMMON_BLOCKS = YES;
				GCC_OPTIMIZATION_LEVEL = 0;
				GCC_PREPROCESSOR_DEFINITIONS = (
					"DEBUG=1",
					"$(inherited)",
				);
				GCC_WARN_64_TO_32_BIT_CONVERSION = YES;
				GCC_WARN_ABOUT_RETURN_TYPE = YES_ERROR;
				GCC_WARN_UNDECLARED_SELECTOR = YES;
				GCC_WARN_UNINITIALIZED_AUTOS = YES_AGGRESSIVE;
				GCC_WARN_UNUSED_FUNCTION = YES;
				GCC_WARN_UNUSED_VARIABLE = YES;
				MTL_ENABLE_DEBUG_INFO = INCLUDE_SOURCE;
				MTL_FAST_MATH = YES;
				ONLY_ACTIVE_ARCH = YES;
				SWIFT_ACTIVE_COMPILATION_CONDITIONS = DEBUG;
				SWIFT_OPTIMIZATION_LEVEL = "-Onone";
			};
			name = Debug;
		};
		3AB0D4CB2516176200B860FA /* Release */ = {
			isa = XCBuildConfiguration;
			buildSettings = {
				ALWAYS_SEARCH_USER_PATHS = NO;
				CLANG_ANALYZER_NONNULL = YES;
				CLANG_ANALYZER_NUMBER_OBJECT_CONVERSION = YES_AGGRESSIVE;
				CLANG_CXX_LANGUAGE_STANDARD = "gnu++14";
				CLANG_CXX_LIBRARY = "libc++";
				CLANG_ENABLE_MODULES = YES;
				CLANG_ENABLE_OBJC_ARC = YES;
				CLANG_ENABLE_OBJC_WEAK = YES;
				CLANG_WARN_BLOCK_CAPTURE_AUTORELEASING = YES;
				CLANG_WARN_BOOL_CONVERSION = YES;
				CLANG_WARN_COMMA = YES;
				CLANG_WARN_CONSTANT_CONVERSION = YES;
				CLANG_WARN_DEPRECATED_OBJC_IMPLEMENTATIONS = YES;
				CLANG_WARN_DIRECT_OBJC_ISA_USAGE = YES_ERROR;
				CLANG_WARN_DOCUMENTATION_COMMENTS = YES;
				CLANG_WARN_EMPTY_BODY = YES;
				CLANG_WARN_ENUM_CONVERSION = YES;
				CLANG_WARN_INFINITE_RECURSION = YES;
				CLANG_WARN_INT_CONVERSION = YES;
				CLANG_WARN_NON_LITERAL_NULL_CONVERSION = YES;
				CLANG_WARN_OBJC_IMPLICIT_RETAIN_SELF = YES;
				CLANG_WARN_OBJC_LITERAL_CONVERSION = YES;
				CLANG_WARN_OBJC_ROOT_CLASS = YES_ERROR;
				CLANG_WARN_QUOTED_INCLUDE_IN_FRAMEWORK_HEADER = YES;
				CLANG_WARN_RANGE_LOOP_ANALYSIS = YES;
				CLANG_WARN_STRICT_PROTOTYPES = YES;
				CLANG_WARN_SUSPICIOUS_MOVE = YES;
				CLANG_WARN_UNGUARDED_AVAILABILITY = YES_AGGRESSIVE;
				CLANG_WARN_UNREACHABLE_CODE = YES;
				CLANG_WARN__DUPLICATE_METHOD_MATCH = YES;
				COPY_PHASE_STRIP = NO;
				DEBUG_INFORMATION_FORMAT = "dwarf-with-dsym";
				ENABLE_NS_ASSERTIONS = NO;
				ENABLE_STRICT_OBJC_MSGSEND = YES;
				GCC_C_LANGUAGE_STANDARD = gnu11;
				GCC_NO_COMMON_BLOCKS = YES;
				GCC_WARN_64_TO_32_BIT_CONVERSION = YES;
				GCC_WARN_ABOUT_RETURN_TYPE = YES_ERROR;
				GCC_WARN_UNDECLARED_SELECTOR = YES;
				GCC_WARN_UNINITIALIZED_AUTOS = YES_AGGRESSIVE;
				GCC_WARN_UNUSED_FUNCTION = YES;
				GCC_WARN_UNUSED_VARIABLE = YES;
				MTL_ENABLE_DEBUG_INFO = NO;
				MTL_FAST_MATH = YES;
				SWIFT_COMPILATION_MODE = wholemodule;
				SWIFT_OPTIMIZATION_LEVEL = "-O";
			};
			name = Release;
		};
		3AB0D4CD2516176200B860FA /* Debug */ = {
			isa = XCBuildConfiguration;
			baseConfigurationReference = 98690ADC1760C68015B773B0 /* Pods-Transportflow WatchKit Extension.debug.xcconfig */;
			buildSettings = {
				ASSETCATALOG_COMPILER_COMPLICATION_NAME = Complication;
				CODE_SIGN_STYLE = Automatic;
				DEVELOPMENT_ASSET_PATHS = "\"Transportflow WatchKit Extension/Preview Content\"";
				DEVELOPMENT_TEAM = HJGSLZ3D52;
				ENABLE_PREVIEWS = YES;
				INFOPLIST_FILE = "Transportflow WatchKit Extension/Info.plist";
				LD_RUNPATH_SEARCH_PATHS = (
					"$(inherited)",
					"@executable_path/Frameworks",
					"@executable_path/../../Frameworks",
				);
				PRODUCT_BUNDLE_IDENTIFIER = de.hannsadrian.Transportflow.watchkitapp.watchkitextension;
				PRODUCT_NAME = "${TARGET_NAME}";
				SDKROOT = watchos;
				SKIP_INSTALL = YES;
				SWIFT_VERSION = 5.0;
				TARGETED_DEVICE_FAMILY = 4;
				WATCHOS_DEPLOYMENT_TARGET = 7.0;
			};
			name = Debug;
		};
		3AB0D4CE2516176200B860FA /* Release */ = {
			isa = XCBuildConfiguration;
			baseConfigurationReference = 48138FF56E5393D6E282CCA0 /* Pods-Transportflow WatchKit Extension.release.xcconfig */;
			buildSettings = {
				ASSETCATALOG_COMPILER_COMPLICATION_NAME = Complication;
				CODE_SIGN_STYLE = Automatic;
				DEVELOPMENT_ASSET_PATHS = "\"Transportflow WatchKit Extension/Preview Content\"";
				DEVELOPMENT_TEAM = HJGSLZ3D52;
				ENABLE_PREVIEWS = YES;
				INFOPLIST_FILE = "Transportflow WatchKit Extension/Info.plist";
				LD_RUNPATH_SEARCH_PATHS = (
					"$(inherited)",
					"@executable_path/Frameworks",
					"@executable_path/../../Frameworks",
				);
				PRODUCT_BUNDLE_IDENTIFIER = de.hannsadrian.Transportflow.watchkitapp.watchkitextension;
				PRODUCT_NAME = "${TARGET_NAME}";
				SDKROOT = watchos;
				SKIP_INSTALL = YES;
				SWIFT_VERSION = 5.0;
				TARGETED_DEVICE_FAMILY = 4;
				VALIDATE_PRODUCT = YES;
				WATCHOS_DEPLOYMENT_TARGET = 7.0;
			};
			name = Release;
		};
		3AB0D4D12516176200B860FA /* Debug */ = {
			isa = XCBuildConfiguration;
			baseConfigurationReference = 912A15DCB08C666BFE3A37A3 /* Pods-Transportflow WatchKit App.debug.xcconfig */;
			buildSettings = {
				ALWAYS_EMBED_SWIFT_STANDARD_LIBRARIES = YES;
				ASSETCATALOG_COMPILER_APPICON_NAME = AppIcon;
				ASSETCATALOG_COMPILER_GLOBAL_ACCENT_COLOR_NAME = AccentColor;
				CODE_SIGN_STYLE = Automatic;
				DEVELOPMENT_TEAM = HJGSLZ3D52;
				IBSC_MODULE = Transportflow_WatchKit_Extension;
				INFOPLIST_FILE = "Transportflow WatchKit App/Info.plist";
				PRODUCT_BUNDLE_IDENTIFIER = de.hannsadrian.Transportflow.watchkitapp;
				PRODUCT_NAME = "$(TARGET_NAME)";
				SDKROOT = watchos;
				SKIP_INSTALL = YES;
				SWIFT_VERSION = 5.0;
				TARGETED_DEVICE_FAMILY = 4;
				WATCHOS_DEPLOYMENT_TARGET = 7.0;
			};
			name = Debug;
		};
		3AB0D4D22516176200B860FA /* Release */ = {
			isa = XCBuildConfiguration;
			baseConfigurationReference = 1D2A423DC71ED732D607290F /* Pods-Transportflow WatchKit App.release.xcconfig */;
			buildSettings = {
				ALWAYS_EMBED_SWIFT_STANDARD_LIBRARIES = YES;
				ASSETCATALOG_COMPILER_APPICON_NAME = AppIcon;
				ASSETCATALOG_COMPILER_GLOBAL_ACCENT_COLOR_NAME = AccentColor;
				CODE_SIGN_STYLE = Automatic;
				DEVELOPMENT_TEAM = HJGSLZ3D52;
				IBSC_MODULE = Transportflow_WatchKit_Extension;
				INFOPLIST_FILE = "Transportflow WatchKit App/Info.plist";
				PRODUCT_BUNDLE_IDENTIFIER = de.hannsadrian.Transportflow.watchkitapp;
				PRODUCT_NAME = "$(TARGET_NAME)";
				SDKROOT = watchos;
				SKIP_INSTALL = YES;
				SWIFT_VERSION = 5.0;
				TARGETED_DEVICE_FAMILY = 4;
				VALIDATE_PRODUCT = YES;
				WATCHOS_DEPLOYMENT_TARGET = 7.0;
			};
			name = Release;
		};
		3AB0D4D52516176200B860FA /* Debug */ = {
			isa = XCBuildConfiguration;
			baseConfigurationReference = 2EF2B7D7DDB1A43702B440C9 /* Pods-Transportflow.debug.xcconfig */;
			buildSettings = {
				ASSETCATALOG_COMPILER_APPICON_NAME = AppIcon;
				ASSETCATALOG_COMPILER_GLOBAL_ACCENT_COLOR_NAME = AccentColor;
				CODE_SIGN_STYLE = Automatic;
				DEVELOPMENT_ASSET_PATHS = "\"Transportflow/Preview Content\"";
				DEVELOPMENT_TEAM = HJGSLZ3D52;
				ENABLE_PREVIEWS = YES;
				INFOPLIST_FILE = Transportflow/Info.plist;
				IPHONEOS_DEPLOYMENT_TARGET = 14.0;
				LD_RUNPATH_SEARCH_PATHS = (
					"$(inherited)",
					"@executable_path/Frameworks",
				);
				PRODUCT_BUNDLE_IDENTIFIER = de.hannsadrian.Transportflow;
				PRODUCT_NAME = "$(TARGET_NAME)";
				SDKROOT = iphoneos;
				SWIFT_VERSION = 5.0;
				TARGETED_DEVICE_FAMILY = "1,2";
			};
			name = Debug;
		};
		3AB0D4D62516176200B860FA /* Release */ = {
			isa = XCBuildConfiguration;
			baseConfigurationReference = 01AE25FBDB430630ED257B6E /* Pods-Transportflow.release.xcconfig */;
			buildSettings = {
				ASSETCATALOG_COMPILER_APPICON_NAME = AppIcon;
				ASSETCATALOG_COMPILER_GLOBAL_ACCENT_COLOR_NAME = AccentColor;
				CODE_SIGN_STYLE = Automatic;
				DEVELOPMENT_ASSET_PATHS = "\"Transportflow/Preview Content\"";
				DEVELOPMENT_TEAM = HJGSLZ3D52;
				ENABLE_PREVIEWS = YES;
				INFOPLIST_FILE = Transportflow/Info.plist;
				IPHONEOS_DEPLOYMENT_TARGET = 14.0;
				LD_RUNPATH_SEARCH_PATHS = (
					"$(inherited)",
					"@executable_path/Frameworks",
				);
				PRODUCT_BUNDLE_IDENTIFIER = de.hannsadrian.Transportflow;
				PRODUCT_NAME = "$(TARGET_NAME)";
				SDKROOT = iphoneos;
				SWIFT_VERSION = 5.0;
				TARGETED_DEVICE_FAMILY = "1,2";
				VALIDATE_PRODUCT = YES;
			};
			name = Release;
		};
		3AB0D4D82516176200B860FA /* Debug */ = {
			isa = XCBuildConfiguration;
			baseConfigurationReference = 2ECB3AFE6F276DEE4806FEBA /* Pods-TransportflowTests.debug.xcconfig */;
			buildSettings = {
				ALWAYS_EMBED_SWIFT_STANDARD_LIBRARIES = YES;
				BUNDLE_LOADER = "$(TEST_HOST)";
				CODE_SIGN_STYLE = Automatic;
				DEVELOPMENT_TEAM = HJGSLZ3D52;
				INFOPLIST_FILE = TransportflowTests/Info.plist;
				IPHONEOS_DEPLOYMENT_TARGET = 14.0;
				LD_RUNPATH_SEARCH_PATHS = (
					"$(inherited)",
					"@executable_path/Frameworks",
					"@loader_path/Frameworks",
				);
				PRODUCT_BUNDLE_IDENTIFIER = de.hannsadrian.TransportflowTests;
				PRODUCT_NAME = "$(TARGET_NAME)";
				SDKROOT = iphoneos;
				SWIFT_VERSION = 5.0;
				TARGETED_DEVICE_FAMILY = "1,2";
				TEST_HOST = "$(BUILT_PRODUCTS_DIR)/Transportflow.app/Transportflow";
			};
			name = Debug;
		};
		3AB0D4D92516176200B860FA /* Release */ = {
			isa = XCBuildConfiguration;
			baseConfigurationReference = 5D6CBA228293F9E2428076FA /* Pods-TransportflowTests.release.xcconfig */;
			buildSettings = {
				ALWAYS_EMBED_SWIFT_STANDARD_LIBRARIES = YES;
				BUNDLE_LOADER = "$(TEST_HOST)";
				CODE_SIGN_STYLE = Automatic;
				DEVELOPMENT_TEAM = HJGSLZ3D52;
				INFOPLIST_FILE = TransportflowTests/Info.plist;
				IPHONEOS_DEPLOYMENT_TARGET = 14.0;
				LD_RUNPATH_SEARCH_PATHS = (
					"$(inherited)",
					"@executable_path/Frameworks",
					"@loader_path/Frameworks",
				);
				PRODUCT_BUNDLE_IDENTIFIER = de.hannsadrian.TransportflowTests;
				PRODUCT_NAME = "$(TARGET_NAME)";
				SDKROOT = iphoneos;
				SWIFT_VERSION = 5.0;
				TARGETED_DEVICE_FAMILY = "1,2";
				TEST_HOST = "$(BUILT_PRODUCTS_DIR)/Transportflow.app/Transportflow";
				VALIDATE_PRODUCT = YES;
			};
			name = Release;
		};
		3AB0D4DB2516176200B860FA /* Debug */ = {
			isa = XCBuildConfiguration;
			baseConfigurationReference = 1C4D0B039A19809AC30FF57E /* Pods-Transportflow-TransportflowUITests.debug.xcconfig */;
			buildSettings = {
				ALWAYS_EMBED_SWIFT_STANDARD_LIBRARIES = YES;
				CODE_SIGN_STYLE = Automatic;
				DEVELOPMENT_TEAM = HJGSLZ3D52;
				INFOPLIST_FILE = TransportflowUITests/Info.plist;
				IPHONEOS_DEPLOYMENT_TARGET = 14.0;
				LD_RUNPATH_SEARCH_PATHS = (
					"$(inherited)",
					"@executable_path/Frameworks",
					"@loader_path/Frameworks",
				);
				PRODUCT_BUNDLE_IDENTIFIER = de.hannsadrian.TransportflowUITests;
				PRODUCT_NAME = "$(TARGET_NAME)";
				SDKROOT = iphoneos;
				SWIFT_VERSION = 5.0;
				TARGETED_DEVICE_FAMILY = "1,2";
				TEST_TARGET_NAME = Transportflow;
			};
			name = Debug;
		};
		3AB0D4DC2516176200B860FA /* Release */ = {
			isa = XCBuildConfiguration;
			baseConfigurationReference = D6A101EA12CFD17F7403F317 /* Pods-Transportflow-TransportflowUITests.release.xcconfig */;
			buildSettings = {
				ALWAYS_EMBED_SWIFT_STANDARD_LIBRARIES = YES;
				CODE_SIGN_STYLE = Automatic;
				DEVELOPMENT_TEAM = HJGSLZ3D52;
				INFOPLIST_FILE = TransportflowUITests/Info.plist;
				IPHONEOS_DEPLOYMENT_TARGET = 14.0;
				LD_RUNPATH_SEARCH_PATHS = (
					"$(inherited)",
					"@executable_path/Frameworks",
					"@loader_path/Frameworks",
				);
				PRODUCT_BUNDLE_IDENTIFIER = de.hannsadrian.TransportflowUITests;
				PRODUCT_NAME = "$(TARGET_NAME)";
				SDKROOT = iphoneos;
				SWIFT_VERSION = 5.0;
				TARGETED_DEVICE_FAMILY = "1,2";
				TEST_TARGET_NAME = Transportflow;
				VALIDATE_PRODUCT = YES;
			};
			name = Release;
		};
/* End XCBuildConfiguration section */

/* Begin XCConfigurationList section */
		3AB0D47E2516175C00B860FA /* Build configuration list for PBXProject "Transportflow" */ = {
			isa = XCConfigurationList;
			buildConfigurations = (
				3AB0D4CA2516176200B860FA /* Debug */,
				3AB0D4CB2516176200B860FA /* Release */,
			);
			defaultConfigurationIsVisible = 0;
			defaultConfigurationName = Release;
		};
		3AB0D4CC2516176200B860FA /* Build configuration list for PBXNativeTarget "Transportflow WatchKit Extension" */ = {
			isa = XCConfigurationList;
			buildConfigurations = (
				3AB0D4CD2516176200B860FA /* Debug */,
				3AB0D4CE2516176200B860FA /* Release */,
			);
			defaultConfigurationIsVisible = 0;
			defaultConfigurationName = Release;
		};
		3AB0D4D02516176200B860FA /* Build configuration list for PBXNativeTarget "Transportflow WatchKit App" */ = {
			isa = XCConfigurationList;
			buildConfigurations = (
				3AB0D4D12516176200B860FA /* Debug */,
				3AB0D4D22516176200B860FA /* Release */,
			);
			defaultConfigurationIsVisible = 0;
			defaultConfigurationName = Release;
		};
		3AB0D4D42516176200B860FA /* Build configuration list for PBXNativeTarget "Transportflow" */ = {
			isa = XCConfigurationList;
			buildConfigurations = (
				3AB0D4D52516176200B860FA /* Debug */,
				3AB0D4D62516176200B860FA /* Release */,
			);
			defaultConfigurationIsVisible = 0;
			defaultConfigurationName = Release;
		};
		3AB0D4D72516176200B860FA /* Build configuration list for PBXNativeTarget "TransportflowTests" */ = {
			isa = XCConfigurationList;
			buildConfigurations = (
				3AB0D4D82516176200B860FA /* Debug */,
				3AB0D4D92516176200B860FA /* Release */,
			);
			defaultConfigurationIsVisible = 0;
			defaultConfigurationName = Release;
		};
		3AB0D4DA2516176200B860FA /* Build configuration list for PBXNativeTarget "TransportflowUITests" */ = {
			isa = XCConfigurationList;
			buildConfigurations = (
				3AB0D4DB2516176200B860FA /* Debug */,
				3AB0D4DC2516176200B860FA /* Release */,
			);
			defaultConfigurationIsVisible = 0;
			defaultConfigurationName = Release;
		};
/* End XCConfigurationList section */
	};
	rootObject = 3AB0D47B2516175C00B860FA /* Project object */;
}
